
Microsoft Visual Studio Solution File, Format Version 12.00
# Visual Studio Version 16
VisualStudioVersion = 16.0.29905.134
MinimumVisualStudioVersion = 10.0.40219.1
Project("{FAE04EC0-301F-11D3-BF4B-00C04F79EFBC}") = "MyAnimal", "MyAnimal\MyAnimal.csproj", "{C8781E8C-6A33-4FE9-AAC4-ADE9D94218B7}"
EndProject
Global
	GlobalSection(SolutionConfigurationPlatforms) = preSolution
		Debug|Any CPU = Debug|Any CPU
		Release|Any CPU = Release|Any CPU
	EndGlobalSection
	GlobalSection(ProjectConfigurationPlatforms) = postSolution
		{C8781E8C-6A33-4FE9-AAC4-ADE9D94218B7}.Debug|Any CPU.ActiveCfg = Debug|Any CPU
		{C8781E8C-6A33-4FE9-AAC4-ADE9D94218B7}.Debug|Any CPU.Build.0 = Debug|Any CPU
		{C8781E8C-6A33-4FE9-AAC4-ADE9D94218B7}.Release|Any CPU.ActiveCfg = Release|Any CPU
		{C8781E8C-6A33-4FE9-AAC4-ADE9D94218B7}.Release|Any CPU.Build.0 = Release|Any CPU
	EndGlobalSection
	GlobalSection(SolutionProperties) = preSolution
		HideSolutionNode = FALSE
	EndGlobalSection
	GlobalSection(ExtensibilityGlobals) = postSolution
		SolutionGuid = {82F3AF1D-B009-4BF3-A2B7-CF92807FB706}
	EndGlobalSection
EndGlobal
